
Microsoft Visual Studio Solution File, Format Version 12.00
# Visual Studio Version 16
VisualStudioVersion = 16.0.31729.503
MinimumVisualStudioVersion = 10.0.40219.1
Project("{FAE04EC0-301F-11D3-BF4B-00C04F79EFBC}") = "Biblioteca", "Biblioteca\Biblioteca.csproj", "{955A65A4-73B6-4EA9-9403-AD2DAB6452DD}"
EndProject
Global
	GlobalSection(SolutionConfigurationPlatforms) = preSolution
		Debug|Any CPU = Debug|Any CPU
		Release|Any CPU = Release|Any CPU
	EndGlobalSection
	GlobalSection(ProjectConfigurationPlatforms) = postSolution
		{955A65A4-73B6-4EA9-9403-AD2DAB6452DD}.Debug|Any CPU.ActiveCfg = Debug|Any CPU
		{955A65A4-73B6-4EA9-9403-AD2DAB6452DD}.Debug|Any CPU.Build.0 = Debug|Any CPU
		{955A65A4-73B6-4EA9-9403-AD2DAB6452DD}.Release|Any CPU.ActiveCfg = Release|Any CPU
		{955A65A4-73B6-4EA9-9403-AD2DAB6452DD}.Release|Any CPU.Build.0 = Release|Any CPU
	EndGlobalSection
	GlobalSection(SolutionProperties) = preSolution
		HideSolutionNode = FALSE
	EndGlobalSection
	GlobalSection(ExtensibilityGlobals) = postSolution
		SolutionGuid = {90B2A8EB-5A6A-45B2-B5CF-4DC8432FDF7E}
	EndGlobalSection
EndGlobal
